
Microsoft Visual Studio Solution File, Format Version 12.00
# Visual Studio Version 17
VisualStudioVersion = 17.3.32825.248
MinimumVisualStudioVersion = 10.0.40219.1
Project("{FAE04EC0-301F-11D3-BF4B-00C04F79EFBC}") = "TryToMakeA_PROJECT", "TryToMakeA_PROJECT.csproj", "{81DA1BC5-C653-4C14-AF76-EBC60AE0E8F7}"
EndProject
Global
	GlobalSection(SolutionConfigurationPlatforms) = preSolution
		Debug|Any CPU = Debug|Any CPU
		Release|Any CPU = Release|Any CPU
	EndGlobalSection
	GlobalSection(ProjectConfigurationPlatforms) = postSolution
		{81DA1BC5-C653-4C14-AF76-EBC60AE0E8F7}.Debug|Any CPU.ActiveCfg = Debug|Any CPU
		{81DA1BC5-C653-4C14-AF76-EBC60AE0E8F7}.Debug|Any CPU.Build.0 = Debug|Any CPU
		{81DA1BC5-C653-4C14-AF76-EBC60AE0E8F7}.Release|Any CPU.ActiveCfg = Release|Any CPU
		{81DA1BC5-C653-4C14-AF76-EBC60AE0E8F7}.Release|Any CPU.Build.0 = Release|Any CPU
	EndGlobalSection
	GlobalSection(SolutionProperties) = preSolution
		HideSolutionNode = FALSE
	EndGlobalSection
	GlobalSection(ExtensibilityGlobals) = postSolution
		SolutionGuid = {C2F7DC9D-7B61-4D4C-8641-AD868E18FC9F}
	EndGlobalSection
EndGlobal
